
Microsoft Visual Studio Solution File, Format Version 12.00
# Visual Studio 15
VisualStudioVersion = 15.0.28307.757
MinimumVisualStudioVersion = 10.0.40219.1
Project("{FAE04EC0-301F-11D3-BF4B-00C04F79EFBC}") = "CaseSensitivityIssue", "CaseSensitivityIssue\CaseSensitivityIssue.csproj", "{F21202DC-49A9-41F4-B2EB-4DF3D282D151}"
EndProject
Global
	GlobalSection(SolutionConfigurationPlatforms) = preSolution
		Debug|Any CPU = Debug|Any CPU
		Release|Any CPU = Release|Any CPU
	EndGlobalSection
	GlobalSection(ProjectConfigurationPlatforms) = postSolution
		{F21202DC-49A9-41F4-B2EB-4DF3D282D151}.Debug|Any CPU.ActiveCfg = Debug|Any CPU
		{F21202DC-49A9-41F4-B2EB-4DF3D282D151}.Debug|Any CPU.Build.0 = Debug|Any CPU
		{F21202DC-49A9-41F4-B2EB-4DF3D282D151}.Release|Any CPU.ActiveCfg = Release|Any CPU
		{F21202DC-49A9-41F4-B2EB-4DF3D282D151}.Release|Any CPU.Build.0 = Release|Any CPU
	EndGlobalSection
	GlobalSection(SolutionProperties) = preSolution
		HideSolutionNode = FALSE
	EndGlobalSection
	GlobalSection(ExtensibilityGlobals) = postSolution
		SolutionGuid = {3FC580C8-9442-4523-9F5B-4544FD4721B7}
	EndGlobalSection
EndGlobal
